
Microsoft Visual Studio Solution File, Format Version 12.00
# Visual Studio Version 17
VisualStudioVersion = 17.9.34728.123
MinimumVisualStudioVersion = 10.0.40219.1
Project("{FAE04EC0-301F-11D3-BF4B-00C04F79EFBC}") = "AdditionalAssessmentTasks", "AdditionalAssessmentTasks.csproj", "{861F4F70-5BC3-4156-B38F-375943FA1DA6}"
EndProject
Global
	GlobalSection(SolutionConfigurationPlatforms) = preSolution
		Debug|Any CPU = Debug|Any CPU
		Release|Any CPU = Release|Any CPU
	EndGlobalSection
	GlobalSection(ProjectConfigurationPlatforms) = postSolution
		{861F4F70-5BC3-4156-B38F-375943FA1DA6}.Debug|Any CPU.ActiveCfg = Debug|Any CPU
		{861F4F70-5BC3-4156-B38F-375943FA1DA6}.Debug|Any CPU.Build.0 = Debug|Any CPU
		{861F4F70-5BC3-4156-B38F-375943FA1DA6}.Release|Any CPU.ActiveCfg = Release|Any CPU
		{861F4F70-5BC3-4156-B38F-375943FA1DA6}.Release|Any CPU.Build.0 = Release|Any CPU
	EndGlobalSection
	GlobalSection(SolutionProperties) = preSolution
		HideSolutionNode = FALSE
	EndGlobalSection
	GlobalSection(ExtensibilityGlobals) = postSolution
		SolutionGuid = {4C440FEF-5BEE-41BC-A13E-F546CB234F07}
	EndGlobalSection
EndGlobal
